
Microsoft Visual Studio Solution File, Format Version 12.00
# Visual Studio Version 17
VisualStudioVersion = 17.11.35222.181
MinimumVisualStudioVersion = 10.0.40219.1
Project("{9A19103F-16F7-4668-BE54-9A1E7A4F7556}") = "AdventureGameLibrary", "AdventureGameLibrary\AdventureGameLibrary.csproj", "{53246F94-1F01-4A51-B220-56D1737E58E5}"
EndProject
Project("{9A19103F-16F7-4668-BE54-9A1E7A4F7556}") = "NUnitTest", "NUnitTest\NUnitTest.csproj", "{76FAFA9A-AF38-45CD-8D08-29CE016E175F}"
EndProject
Project("{FAE04EC0-301F-11D3-BF4B-00C04F79EFBC}") = "GameConsole", "GameConsole\GameConsole.csproj", "{C99DA90A-AF62-4AF8-BB90-CF3F89AE1CF3}"
EndProject
Global
	GlobalSection(SolutionConfigurationPlatforms) = preSolution
		Debug|Any CPU = Debug|Any CPU
		Release|Any CPU = Release|Any CPU
	EndGlobalSection
	GlobalSection(ProjectConfigurationPlatforms) = postSolution
		{53246F94-1F01-4A51-B220-56D1737E58E5}.Debug|Any CPU.ActiveCfg = Debug|Any CPU
		{53246F94-1F01-4A51-B220-56D1737E58E5}.Debug|Any CPU.Build.0 = Debug|Any CPU
		{53246F94-1F01-4A51-B220-56D1737E58E5}.Release|Any CPU.ActiveCfg = Release|Any CPU
		{53246F94-1F01-4A51-B220-56D1737E58E5}.Release|Any CPU.Build.0 = Release|Any CPU
		{76FAFA9A-AF38-45CD-8D08-29CE016E175F}.Debug|Any CPU.ActiveCfg = Debug|Any CPU
		{76FAFA9A-AF38-45CD-8D08-29CE016E175F}.Debug|Any CPU.Build.0 = Debug|Any CPU
		{76FAFA9A-AF38-45CD-8D08-29CE016E175F}.Release|Any CPU.ActiveCfg = Release|Any CPU
		{76FAFA9A-AF38-45CD-8D08-29CE016E175F}.Release|Any CPU.Build.0 = Release|Any CPU
		{C99DA90A-AF62-4AF8-BB90-CF3F89AE1CF3}.Debug|Any CPU.ActiveCfg = Debug|Any CPU
		{C99DA90A-AF62-4AF8-BB90-CF3F89AE1CF3}.Debug|Any CPU.Build.0 = Debug|Any CPU
		{C99DA90A-AF62-4AF8-BB90-CF3F89AE1CF3}.Release|Any CPU.ActiveCfg = Release|Any CPU
		{C99DA90A-AF62-4AF8-BB90-CF3F89AE1CF3}.Release|Any CPU.Build.0 = Release|Any CPU
	EndGlobalSection
	GlobalSection(SolutionProperties) = preSolution
		HideSolutionNode = FALSE
	EndGlobalSection
	GlobalSection(ExtensibilityGlobals) = postSolution
		SolutionGuid = {D26F1DB9-363F-4FAE-B415-D39F6C45EDA4}
	EndGlobalSection
EndGlobal
